{
  "name": "bombshellstocks",
  "version": "1.0.0",
  "lockfileVersion": 1,
  "requires": true,
  "dependencies": {
    "argparse": {
      "version": "1.0.10",
      "resolved": "https://registry.npmjs.org/argparse/-/argparse-1.0.10.tgz",
      "integrity": "sha512-o5Roy6tNG4SL/FOkCAN6RzjiakZS25RLYFrcMttJqbdd8BWrnA+fGz57iN5Pb06pvBGvl5gQ0B48dJlslXvoTg==",
      "requires": {
        "sprintf-js": "1.0.3"
      }
    },
    "assign-symbols": {
      "version": "1.0.0",
      "resolved": "https://registry.npmjs.org/assign-symbols/-/assign-symbols-1.0.0.tgz",
      "integrity": "sha1-WWZ/QfrdTyDMvCu5a41Pf3jsA2c="
    },
    "bluebird": {
      "version": "3.5.1",
      "resolved": "https://registry.npmjs.org/bluebird/-/bluebird-3.5.1.tgz",
      "integrity": "sha512-MKiLiV+I1AA596t9w1sQJ8jkiSr5+ZKi0WKrYGUn6d1Fx+Ij4tIj+m2WMQSGczs5jZVxV339chE8iwk6F64wjA=="
    },
    "esprima": {
      "version": "4.0.0",
      "resolved": "https://registry.npmjs.org/esprima/-/esprima-4.0.0.tgz",
      "integrity": "sha512-oftTcaMu/EGrEIu904mWteKIv8vMuOgGYo7EhVJJN00R/EED9DCua/xxHRdYnKtcECzVg7xOWhflvJMnqcFZjw=="
    },
    "extend-shallow": {
      "version": "2.0.1",
      "resolved": "https://registry.npmjs.org/extend-shallow/-/extend-shallow-2.0.1.tgz",
      "integrity": "sha1-Ua99YUrZqfYQ6huvu5idaxxWiQ8=",
      "requires": {
        "is-extendable": "0.1.1"
      }
    },
    "fs-exists-sync": {
      "version": "0.1.0",
      "resolved": "https://registry.npmjs.org/fs-exists-sync/-/fs-exists-sync-0.1.0.tgz",
      "integrity": "sha1-mC1ok6+RjnLQjeyehnP/K1qNat0="
    },
    "is-extendable": {
      "version": "0.1.1",
      "resolved": "https://registry.npmjs.org/is-extendable/-/is-extendable-0.1.1.tgz",
      "integrity": "sha1-YrEQ4omkcUGOPsNqYX1HLjAd/Ik="
    },
    "is-plain-object": {
      "version": "2.0.4",
      "resolved": "https://registry.npmjs.org/is-plain-object/-/is-plain-object-2.0.4.tgz",
      "integrity": "sha512-h5PpgXkWitc38BBMYawTYMWJHFZJVnBquFE57xFpjB8pJFiF6gZ+bU+WyI/yqXiFR5mdLsgYNaPe8uao6Uv9Og==",
      "requires": {
        "isobject": "3.0.1"
      }
    },
    "isobject": {
      "version": "3.0.1",
      "resolved": "https://registry.npmjs.org/isobject/-/isobject-3.0.1.tgz",
      "integrity": "sha1-TkMekrEalzFjaqH5yNHMvP2reN8="
    },
    "js-yaml": {
      "version": "3.11.0",
      "resolved": "https://registry.npmjs.org/js-yaml/-/js-yaml-3.11.0.tgz",
      "integrity": "sha512-saJstZWv7oNeOyBh3+Dx1qWzhW0+e6/8eDzo7p5rDFqxntSztloLtuKu+Ejhtq82jsilwOIZYsCz+lIjthg1Hw==",
      "requires": {
        "argparse": "1.0.10",
        "esprima": "4.0.0"
      }
    },
    "lodash": {
      "version": "4.17.10",
      "resolved": "https://registry.npmjs.org/lodash/-/lodash-4.17.10.tgz",
      "integrity": "sha512-UejweD1pDoXu+AD825lWwp4ZGtSwgnpZxb3JDViD7StjQz+Nb/6l093lx4OQ0foGWNRoc19mWy7BzL+UAK2iVg=="
    },
    "minimist": {
      "version": "0.0.8",
      "resolved": "https://registry.npmjs.org/minimist/-/minimist-0.0.8.tgz",
      "integrity": "sha1-hX/Kv8M5fSYluCKCYuhqp6ARsF0="
    },
    "mkdirp": {
      "version": "0.5.1",
      "resolved": "https://registry.npmjs.org/mkdirp/-/mkdirp-0.5.1.tgz",
      "integrity": "sha1-MAV0OOrGz3+MR2fzhkjWaX11yQM=",
      "requires": {
        "minimist": "0.0.8"
      }
    },
    "punycode": {
      "version": "1.4.1",
      "resolved": "https://registry.npmjs.org/punycode/-/punycode-1.4.1.tgz",
      "integrity": "sha1-wNWmOycYgArY4esPpSachN1BhF4="
    },
    "read-data": {
      "version": "1.1.0",
      "resolved": "https://registry.npmjs.org/read-data/-/read-data-1.1.0.tgz",
      "integrity": "sha1-AQFMxPMH8jjVfY6j1cjlk86D2fk=",
      "requires": {
        "extend-shallow": "2.0.1",
        "read-yaml": "1.1.0"
      }
    },
    "read-yaml": {
      "version": "1.1.0",
      "resolved": "https://registry.npmjs.org/read-yaml/-/read-yaml-1.1.0.tgz",
      "integrity": "sha1-DSc6wMlb6SIw3A1MTE9biWCjNtY=",
      "requires": {
        "extend-shallow": "2.0.1",
        "js-yaml": "3.11.0"
      }
    },
    "request-promise": {
      "version": "4.2.2",
      "resolved": "https://registry.npmjs.org/request-promise/-/request-promise-4.2.2.tgz",
      "integrity": "sha1-0epG1lSm7k+O5qT+oQGMIpEZBLQ=",
      "requires": {
        "bluebird": "3.5.1",
        "request-promise-core": "1.1.1",
        "stealthy-require": "1.1.1",
        "tough-cookie": "2.3.4"
      }
    },
    "request-promise-core": {
      "version": "1.1.1",
      "resolved": "https://registry.npmjs.org/request-promise-core/-/request-promise-core-1.1.1.tgz",
      "integrity": "sha1-Pu4AssWqgyOc+wTFcA2jb4HNCLY=",
      "requires": {
        "lodash": "4.17.10"
      }
    },
    "sprintf-js": {
      "version": "1.0.3",
      "resolved": "https://registry.npmjs.org/sprintf-js/-/sprintf-js-1.0.3.tgz",
      "integrity": "sha1-BOaSb2YolTVPPdAVIDYzuFcpfiw="
    },
    "stealthy-require": {
      "version": "1.1.1",
      "resolved": "https://registry.npmjs.org/stealthy-require/-/stealthy-require-1.1.1.tgz",
      "integrity": "sha1-NbCYdbT/SfJqd35QmzCQoyJr8ks="
    },
    "tough-cookie": {
      "version": "2.3.4",
      "resolved": "https://registry.npmjs.org/tough-cookie/-/tough-cookie-2.3.4.tgz",
      "integrity": "sha512-TZ6TTfI5NtZnuyy/Kecv+CnoROnyXn2DN97LontgQpCwsX2XyLYCC0ENhYkehSOwAp8rTQKc/NUIF7BkQ5rKLA==",
      "requires": {
        "punycode": "1.4.1"
      }
    },
    "write": {
      "version": "1.0.3",
      "resolved": "https://registry.npmjs.org/write/-/write-1.0.3.tgz",
      "integrity": "sha512-/lg70HAjtkUgWPVZhZcm+T4hkL8Zbtp1nFNOn3lRrxnlv50SRBv7cR7RqR+GMsd3hUXy9hWBo4CHTbFTcOYwig==",
      "requires": {
        "mkdirp": "0.5.1"
      }
    },
    "write-data": {
      "version": "1.0.2",
      "resolved": "https://registry.npmjs.org/write-data/-/write-data-1.0.2.tgz",
      "integrity": "sha512-WshXt2akMg2gaQk1mil3QspgOfGVuiWXzpNK9k4NuNfT0kR7zhsBzyToe6TNB5teA1tO7uGwp7Ren+nkCZy0XA==",
      "requires": {
        "extend-shallow": "3.0.2",
        "isobject": "3.0.1",
        "write-json": "3.0.1",
        "write-yaml": "1.0.0"
      },
      "dependencies": {
        "extend-shallow": {
          "version": "3.0.2",
          "resolved": "https://registry.npmjs.org/extend-shallow/-/extend-shallow-3.0.2.tgz",
          "integrity": "sha1-Jqcarwc7OfshJxcnRhMcJwQCjbg=",
          "requires": {
            "assign-symbols": "1.0.0",
            "is-extendable": "1.0.1"
          }
        },
        "is-extendable": {
          "version": "1.0.1",
          "resolved": "https://registry.npmjs.org/is-extendable/-/is-extendable-1.0.1.tgz",
          "integrity": "sha512-arnXMxT1hhoKo9k1LZdmlNyJdDDfy2v0fXjFlmok4+i8ul/6WlbVge9bhM74OpNPQPMGUToDtz+KXa1PneJxOA==",
          "requires": {
            "is-plain-object": "2.0.4"
          }
        }
      }
    },
    "write-json": {
      "version": "3.0.1",
      "resolved": "https://registry.npmjs.org/write-json/-/write-json-3.0.1.tgz",
      "integrity": "sha512-PWscN8FOlnT0oSuN3vuq9FW2Wjwh3fqSRFgd75NHiHApIdi55bnbLI5nyFQwaiqEn73+w8B9NVC36SWHCKwHhw==",
      "requires": {
        "isobject": "3.0.1",
        "write": "1.0.3"
      }
    },
    "write-yaml": {
      "version": "1.0.0",
      "resolved": "https://registry.npmjs.org/write-yaml/-/write-yaml-1.0.0.tgz",
      "integrity": "sha1-MUWWEZ0NuRJHy8g1vOADO24LoJ4=",
      "requires": {
        "extend-shallow": "2.0.1",
        "js-yaml": "3.11.0",
        "write": "0.3.3"
      },
      "dependencies": {
        "write": {
          "version": "0.3.3",
          "resolved": "https://registry.npmjs.org/write/-/write-0.3.3.tgz",
          "integrity": "sha1-Cc3FohVWB+4nn0XjjZGuKftqUXg=",
          "requires": {
            "fs-exists-sync": "0.1.0",
            "mkdirp": "0.5.1"
          }
        }
      }
    }
  }
}
